
Microsoft Visual Studio Solution File, Format Version 10.00
# Visual Studio 2008
Project("{8BC9CEB8-8B4A-11D0-8D11-00A0C91BC942}") = "Dev", "Dev\Dev.vcproj", "{D3D1CFC4-E80C-46D7-9B39-403B3F36EF21}"
EndProject
Global
	GlobalSection(SolutionConfigurationPlatforms) = preSolution
		Debug|Win32 = Debug|Win32
		Release|Win32 = Release|Win32
	EndGlobalSection
	GlobalSection(ProjectConfigurationPlatforms) = postSolution
		{D3D1CFC4-E80C-46D7-9B39-403B3F36EF21}.Debug|Win32.ActiveCfg = Debug|Win32
		{D3D1CFC4-E80C-46D7-9B39-403B3F36EF21}.Debug|Win32.Build.0 = Debug|Win32
		{D3D1CFC4-E80C-46D7-9B39-403B3F36EF21}.Release|Win32.ActiveCfg = Release|Win32
		{D3D1CFC4-E80C-46D7-9B39-403B3F36EF21}.Release|Win32.Build.0 = Release|Win32
	EndGlobalSection
	GlobalSection(SolutionProperties) = preSolution
		HideSolutionNode = FALSE
	EndGlobalSection
EndGlobal
